
Microsoft Visual Studio Solution File, Format Version 12.00
# Visual Studio 15
VisualStudioVersion = 15.0.27428.2015
MinimumVisualStudioVersion = 10.0.40219.1
Project("{FAE04EC0-301F-11D3-BF4B-00C04F79EFBC}") = "FizzBuzz", "FizzBuzz\FizzBuzz.csproj", "{4A96A979-CCC5-4AD5-A810-2C09CB3062FB}"
EndProject
Global
	GlobalSection(SolutionConfigurationPlatforms) = preSolution
		Debug|Any CPU = Debug|Any CPU
		Release|Any CPU = Release|Any CPU
	EndGlobalSection
	GlobalSection(ProjectConfigurationPlatforms) = postSolution
		{4A96A979-CCC5-4AD5-A810-2C09CB3062FB}.Debug|Any CPU.ActiveCfg = Debug|Any CPU
		{4A96A979-CCC5-4AD5-A810-2C09CB3062FB}.Debug|Any CPU.Build.0 = Debug|Any CPU
		{4A96A979-CCC5-4AD5-A810-2C09CB3062FB}.Release|Any CPU.ActiveCfg = Release|Any CPU
		{4A96A979-CCC5-4AD5-A810-2C09CB3062FB}.Release|Any CPU.Build.0 = Release|Any CPU
	EndGlobalSection
	GlobalSection(SolutionProperties) = preSolution
		HideSolutionNode = FALSE
	EndGlobalSection
	GlobalSection(ExtensibilityGlobals) = postSolution
		SolutionGuid = {81ED4CB5-E6E2-440D-9FEA-1E7FAA475553}
	EndGlobalSection
EndGlobal
